// !$*UTF8*$!
{
	archiveVersion = 1;
	classes = {
	};
	objectVersion = 77;
	objects = {

/* Begin PBXBuildFile section */
		9EE6B0D32F7AD0C000E79DA4 /* ExyteChat in Frameworks */ = {isa = PBXBuildFile; productRef = 9EE6B0D22F7AD0C000E79DA4 /* ExyteChat */; };
/* End PBXBuildFile section */

/* Begin PBXContainerItemProxy section */
		9EE6B0782F7AC7C400E79DA4 /* PBXContainerItemProxy */ = {
			isa = PBXContainerItemProxy;
			containerPortal = 9EE6B0622F7AC7C300E79DA4 /* Project object */;
			proxyType = 1;
			remoteGlobalIDString = 9EE6B0692F7AC7C300E79DA4;
			remoteInfo = AIChatApp;
		};
		9EE6B0822F7AC7C400E79DA4 /* PBXContainerItemProxy */ = {
			isa = PBXContainerItemProxy;
			containerPortal = 9EE6B0622F7AC7C300E79DA4 /* Project object */;
			proxyType = 1;
			remoteGlobalIDString = 9EE6B0692F7AC7C300E79DA4;
			remoteInfo = AIChatApp;
		};
/* End PBXContainerItemProxy section */

/* Begin PBXFileReference section */
		9EE6B06A2F7AC7C300E79DA4 /* AIChatApp.app */ = {isa = PBXFileReference; explicitFileType = wrapper.application; includeInIndex = 0; path = AIChatApp.app; sourceTree = BUILT_PRODUCTS_DIR; };
		9EE6B0772F7AC7C400E79DA4 /* AIChatAppTests.xctest */ = {isa = PBXFileReference; explicitFileType = wrapper.cfbundle; includeInIndex = 0; path = AIChatAppTests.xctest; sourceTree = BUILT_PRODUCTS_DIR; };
		9EE6B0812F7AC7C400E79DA4 /* AIChatAppUITests.xctest */ = {isa = PBXFileReference; explicitFileType = wrapper.cfbundle; includeInIndex = 0; path = AIChatAppUITests.xctest; sourceTree = BUILT_PRODUCTS_DIR; };
/* End PBXFileReference section */

/* Begin PBXFileSystemSynchronizedRootGroup section */
		9EE6B06C2F7AC7C300E79DA4 /* AIChatApp */ = {
			isa = PBXFileSystemSynchronizedRootGroup;
			path = AIChatApp;
			sourceTree = "<group>";
		};
		9EE6B07A2F7AC7C400E79DA4 /* AIChatAppTests */ = {
			isa = PBXFileSystemSynchronizedRootGroup;
			path = AIChatAppTests;
			sourceTree = "<group>";
		};
		9EE6B0842F7AC7C400E79DA4 /* AIChatAppUITests */ = {
			isa = PBXFileSystemSynchronizedRootGroup;
			path = AIChatAppUITests;
			sourceTree = "<group>";
		};
/* End PBXFileSystemSynchronizedRootGroup section */

/* Begin PBXFrameworksBuildPhase section */
		9EE6B0672F7AC7C300E79DA4 /* Frameworks */ = {
			isa = PBXFrameworksBuildPhase;
			buildActionMask = 2147483647;
			files = (
				9EE6B0D32F7AD0C000E79DA4 /* ExyteChat in Frameworks */,
			);
			runOnlyForDeploymentPostprocessing = 0;
		};
		9EE6B0742F7AC7C400E79DA4 /* Frameworks */ = {
			isa = PBXFrameworksBuildPhase;
			buildActionMask = 2147483647;
			files = (
			);
			runOnlyForDeploymentPostprocessing = 0;
		};
		9EE6B07E2F7AC7C400E79DA4 /* Frameworks */ = {
			isa = PBXFrameworksBuildPhase;
			buildActionMask = 2147483647;
			files = (
			);
			runOnlyForDeploymentPostprocessing = 0;
		};
/* End PBXFrameworksBuildPhase section */

/* Begin PBXGroup section */
		9EE6B0612F7AC7C300E79DA4 = {
			isa = PBXGroup;
			children = (
				9EE6B06C2F7AC7C300E79DA4 /* AIChatApp */,
				9EE6B07A2F7AC7C400E79DA4 /* AIChatAppTests */,
				9EE6B0842F7AC7C400E79DA4 /* AIChatAppUITests */,
				9EE6B06B2F7AC7C300E79DA4 /* Products */,
			);
			sourceTree = "<group>";
		};
		9EE6B06B2F7AC7C300E79DA4 /* Products */ = {
			isa = PBXGroup;
			children = (
				9EE6B06A2F7AC7C300E79DA4 /* AIChatApp.app */,
				9EE6B0772F7AC7C400E79DA4 /* AIChatAppTests.xctest */,
				9EE6B0812F7AC7C400E79DA4 /* AIChatAppUITests.xctest */,
			);
			name = Products;
			sourceTree = "<group>";
		};
/* End PBXGroup section */

/* Begin PBXNativeTarget section */
		9EE6B0692F7AC7C300E79DA4 /* AIChatApp */ = {
			isa = PBXNativeTarget;
			buildConfigurationList = 9EE6B08B2F7AC7C400E79DA4 /* Build configuration list for PBXNativeTarget "AIChatApp" */;
			buildPhases = (
				9EE6B0662F7AC7C300E79DA4 /* Sources */,
				9EE6B0672F7AC7C300E79DA4 /* Frameworks */,
				9EE6B0682F7AC7C300E79DA4 /* Resources */,
			);
			buildRules = (
			);
			dependencies = (
			);
			fileSystemSynchronizedGroups = (
				9EE6B06C2F7AC7C300E79DA4 /* AIChatApp */,
			);
			name = AIChatApp;
			packageProductDependencies = (
				9EE6B0D22F7AD0C000E79DA4 /* ExyteChat */,
			);
			productName = AIChatApp;
			productReference = 9EE6B06A2F7AC7C300E79DA4 /* AIChatApp.app */;
			productType = "com.apple.product-type.application";
		};
		9EE6B0762F7AC7C400E79DA4 /* AIChatAppTests */ = {
			isa = PBXNativeTarget;
			buildConfigurationList = 9EE6B08E2F7AC7C400E79DA4 /* Build configuration list for PBXNativeTarget "AIChatAppTests" */;
			buildPhases = (
				9EE6B0732F7AC7C400E79DA4 /* Sources */,
				9EE6B0742F7AC7C400E79DA4 /* Frameworks */,
				9EE6B0752F7AC7C400E79DA4 /* Resources */,
			);
			buildRules = (
			);
			dependencies = (
				9EE6B0792F7AC7C400E79DA4 /* PBXTargetDependency */,
			);
			fileSystemSynchronizedGroups = (
				9EE6B07A2F7AC7C400E79DA4 /* AIChatAppTests */,
			);
			name = AIChatAppTests;
			packageProductDependencies = (
			);
			productName = AIChatAppTests;
			productReference = 9EE6B0772F7AC7C400E79DA4 /* AIChatAppTests.xctest */;
			productType = "com.apple.product-type.bundle.unit-test";
		};
		9EE6B0802F7AC7C400E79DA4 /* AIChatAppUITests */ = {
			isa = PBXNativeTarget;
			buildConfigurationList = 9EE6B0912F7AC7C400E79DA4 /* Build configuration list for PBXNativeTarget "AIChatAppUITests" */;
			buildPhases = (
				9EE6B07D2F7AC7C400E79DA4 /* Sources */,
				9EE6B07E2F7AC7C400E79DA4 /* Frameworks */,
				9EE6B07F2F7AC7C400E79DA4 /* Resources */,
			);
			buildRules = (
			);
			dependencies = (
				9EE6B0832F7AC7C400E79DA4 /* PBXTargetDependency */,
			);
			fileSystemSynchronizedGroups = (
				9EE6B0842F7AC7C400E79DA4 /* AIChatAppUITests */,
			);
			name = AIChatAppUITests;
			packageProductDependencies = (
			);
			productName = AIChatAppUITests;
			productReference = 9EE6B0812F7AC7C400E79DA4 /* AIChatAppUITests.xctest */;
			productType = "com.apple.product-type.bundle.ui-testing";
		};
/* End PBXNativeTarget section */

/* Begin PBXProject section */
		9EE6B0622F7AC7C300E79DA4 /* Project object */ = {
			isa = PBXProject;
			attributes = {
				BuildIndependentTargetsInParallel = 1;
				LastSwiftUpdateCheck = 2630;
				LastUpgradeCheck = 2630;
				TargetAttributes = {
					9EE6B0692F7AC7C300E79DA4 = {
						CreatedOnToolsVersion = 26.3;
					};
					9EE6B0762F7AC7C400E79DA4 = {
						CreatedOnToolsVersion = 26.3;
						TestTargetID = 9EE6B0692F7AC7C300E79DA4;
					};
					9EE6B0802F7AC7C400E79DA4 = {
						CreatedOnToolsVersion = 26.3;
						TestTargetID = 9EE6B0692F7AC7C300E79DA4;
					};
				};
			};
			buildConfigurationList = 9EE6B0652F7AC7C300E79DA4 /* Build configuration list for PBXProject "AIChatApp" */;
			developmentRegion = en;
			hasScannedForEncodings = 0;
			knownRegions = (
				en,
				Base,
			);
			mainGroup = 9EE6B0612F7AC7C300E79DA4;
			minimizedProjectReferenceProxies = 1;
			packageReferences = (
				9EE6B0D12F7AD0C000E79DA4 /* XCRemoteSwiftPackageReference "Chat" */,
				9EE6B0D42F7AD28500E79DA4 /* XCLocalSwiftPackageReference "../swift-gemini-api" */,
			);
			preferredProjectObjectVersion = 77;
			productRefGroup = 9EE6B06B2F7AC7C300E79DA4 /* Products */;
			projectDirPath = "";
			projectRoot = "";
			targets = (
				9EE6B0692F7AC7C300E79DA4 /* AIChatApp */,
				9EE6B0762F7AC7C400E79DA4 /* AIChatAppTests */,
				9EE6B0802F7AC7C400E79DA4 /* AIChatAppUITests */,
			);
		};
/* End PBXProject section */

/* Begin PBXResourcesBuildPhase section */
		9EE6B0682F7AC7C300E79DA4 /* Resources */ = {
			isa = PBXResourcesBuildPhase;
			buildActionMask = 2147483647;
			files = (
			);
			runOnlyForDeploymentPostprocessing = 0;
		};
		9EE6B0752F7AC7C400E79DA4 /* Resources */ = {
			isa = PBXResourcesBuildPhase;
			buildActionMask = 2147483647;
			files = (
			);
			runOnlyForDeploymentPostprocessing = 0;
		};
		9EE6B07F2F7AC7C400E79DA4 /* Resources */ = {
			isa = PBXResourcesBuildPhase;
			buildActionMask = 2147483647;
			files = (
			);
			runOnlyForDeploymentPostprocessing = 0;
		};
/* End PBXResourcesBuildPhase section */

/* Begin PBXSourcesBuildPhase section */
		9EE6B0662F7AC7C300E79DA4 /* Sources */ = {
			isa = PBXSourcesBuildPhase;
			buildActionMask = 2147483647;
			files = (
			);
			runOnlyForDeploymentPostprocessing = 0;
		};
		9EE6B0732F7AC7C400E79DA4 /* Sources */ = {
			isa = PBXSourcesBuildPhase;
			buildActionMask = 2147483647;
			files = (
			);
			runOnlyForDeploymentPostprocessing = 0;
		};
		9EE6B07D2F7AC7C400E79DA4 /* Sources */ = {
			isa = PBXSourcesBuildPhase;
			buildActionMask = 2147483647;
			files = (
			);
			runOnlyForDeploymentPostprocessing = 0;
		};
/* End PBXSourcesBuildPhase section */

/* Begin PBXTargetDependency section */
		9EE6B0792F7AC7C400E79DA4 /* PBXTargetDependency */ = {
			isa = PBXTargetDependency;
			target = 9EE6B0692F7AC7C300E79DA4 /* AIChatApp */;
			targetProxy = 9EE6B0782F7AC7C400E79DA4 /* PBXContainerItemProxy */;
		};
		9EE6B0832F7AC7C400E79DA4 /* PBXTargetDependency */ = {
			isa = PBXTargetDependency;
			target = 9EE6B0692F7AC7C300E79DA4 /* AIChatApp */;
			targetProxy = 9EE6B0822F7AC7C400E79DA4 /* PBXContainerItemProxy */;
		};
/* End PBXTargetDependency section */

/* Begin XCBuildConfiguration section */
		9EE6B0892F7AC7C400E79DA4 /* Debug */ = {
			isa = XCBuildConfiguration;
			buildSettings = {
				ALWAYS_SEARCH_USER_PATHS = NO;
				ASSETCATALOG_COMPILER_GENERATE_SWIFT_ASSET_SYMBOL_EXTENSIONS = YES;
				CLANG_ANALYZER_NONNULL = YES;
				CLANG_ANALYZER_NUMBER_OBJECT_CONVERSION = YES_AGGRESSIVE;
				CLANG_CXX_LANGUAGE_STANDARD = "gnu++20";
				CLANG_ENABLE_MODULES = YES;
				CLANG_ENABLE_OBJC_ARC = YES;
				CLANG_ENABLE_OBJC_WEAK = YES;
				CLANG_WARN_BLOCK_CAPTURE_AUTORELEASING = YES;
				CLANG_WARN_BOOL_CONVERSION = YES;
				CLANG_WARN_COMMA = YES;
				CLANG_WARN_CONSTANT_CONVERSION = YES;
				CLANG_WARN_DEPRECATED_OBJC_IMPLEMENTATIONS = YES;
				CLANG_WARN_DIRECT_OBJC_ISA_USAGE = YES_ERROR;
				CLANG_WARN_DOCUMENTATION_COMMENTS = YES;
				CLANG_WARN_EMPTY_BODY = YES;
				CLANG_WARN_ENUM_CONVERSION = YES;
				CLANG_WARN_INFINITE_RECURSION = YES;
				CLANG_WARN_INT_CONVERSION = YES;
				CLANG_WARN_NON_LITERAL_NULL_CONVERSION = YES;
				CLANG_WARN_OBJC_IMPLICIT_RETAIN_SELF = YES;
				CLANG_WARN_OBJC_LITERAL_CONVERSION = YES;
				CLANG_WARN_OBJC_ROOT_CLASS = YES_ERROR;
				CLANG_WARN_QUOTED_INCLUDE_IN_FRAMEWORK_HEADER = YES;
				CLANG_WARN_RANGE_LOOP_ANALYSIS = YES;
				CLANG_WARN_STRICT_PROTOTYPES = YES;
				CLANG_WARN_SUSPICIOUS_MOVE = YES;
				CLANG_WARN_UNGUARDED_AVAILABILITY = YES_AGGRESSIVE;
				CLANG_WARN_UNREACHABLE_CODE = YES;
				CLANG_WARN__DUPLICATE_METHOD_MATCH = YES;
				COPY_PHASE_STRIP = NO;
				DEBUG_INFORMATION_FORMAT = dwarf;
				DEVELOPMENT_TEAM = L8G2J9W34G;
				ENABLE_STRICT_OBJC_MSGSEND = YES;
				ENABLE_TESTABILITY = YES;
				ENABLE_USER_SCRIPT_SANDBOXING = YES;
				GCC_C_LANGUAGE_STANDARD = gnu17;
				GCC_DYNAMIC_NO_PIC = NO;
				GCC_NO_COMMON_BLOCKS = YES;
				GCC_OPTIMIZATION_LEVEL = 0;
				GCC_PREPROCESSOR_DEFINITIONS = (
					"DEBUG=1",
					"$(inherited)",
				);
				GCC_WARN_64_TO_32_BIT_CONVERSION = YES;
				GCC_WARN_ABOUT_RETURN_TYPE = YES_ERROR;
				GCC_WARN_UNDECLARED_SELECTOR = YES;
				GCC_WARN_UNINITIALIZED_AUTOS = YES_AGGRESSIVE;
				GCC_WARN_UNUSED_FUNCTION = YES;
				GCC_WARN_UNUSED_VARIABLE = YES;
				IPHONEOS_DEPLOYMENT_TARGET = 17.6;
				LOCALIZATION_PREFERS_STRING_CATALOGS = YES;
				MTL_ENABLE_DEBUG_INFO = INCLUDE_SOURCE;
				MTL_FAST_MATH = YES;
				ONLY_ACTIVE_ARCH = YES;
				SDKROOT = iphoneos;
				SWIFT_ACTIVE_COMPILATION_CONDITIONS = "DEBUG $(inherited)";
				SWIFT_OPTIMIZATION_LEVEL = "-Onone";
			};
			name = Debug;
		};
		9EE6B08A2F7AC7C400E79DA4 /* Release */ = {
			isa = XCBuildConfiguration;
			buildSettings = {
				ALWAYS_SEARCH_USER_PATHS = NO;
				ASSETCATALOG_COMPILER_GENERATE_SWIFT_ASSET_SYMBOL_EXTENSIONS = YES;
				CLANG_ANALYZER_NONNULL = YES;
				CLANG_ANALYZER_NUMBER_OBJECT_CONVERSION = YES_AGGRESSIVE;
				CLANG_CXX_LANGUAGE_STANDARD = "gnu++20";
				CLANG_ENABLE_MODULES = YES;
				CLANG_ENABLE_OBJC_ARC = YES;
				CLANG_ENABLE_OBJC_WEAK = YES;
				CLANG_WARN_BLOCK_CAPTURE_AUTORELEASING = YES;
				CLANG_WARN_BOOL_CONVERSION = YES;
				CLANG_WARN_COMMA = YES;
				CLANG_WARN_CONSTANT_CONVERSION = YES;
				CLANG_WARN_DEPRECATED_OBJC_IMPLEMENTATIONS = YES;
				CLANG_WARN_DIRECT_OBJC_ISA_USAGE = YES_ERROR;
				CLANG_WARN_DOCUMENTATION_COMMENTS = YES;
				CLANG_WARN_EMPTY_BODY = YES;
				CLANG_WARN_ENUM_CONVERSION = YES;
				CLANG_WARN_INFINITE_RECURSION = YES;
				CLANG_WARN_INT_CONVERSION = YES;
				CLANG_WARN_NON_LITERAL_NULL_CONVERSION = YES;
				CLANG_WARN_OBJC_IMPLICIT_RETAIN_SELF = YES;
				CLANG_WARN_OBJC_LITERAL_CONVERSION = YES;
				CLANG_WARN_OBJC_ROOT_CLASS = YES_ERROR;
				CLANG_WARN_QUOTED_INCLUDE_IN_FRAMEWORK_HEADER = YES;
				CLANG_WARN_RANGE_LOOP_ANALYSIS = YES;
				CLANG_WARN_STRICT_PROTOTYPES = YES;
				CLANG_WARN_SUSPICIOUS_MOVE = YES;
				CLANG_WARN_UNGUARDED_AVAILABILITY = YES_AGGRESSIVE;
				CLANG_WARN_UNREACHABLE_CODE = YES;
				CLANG_WARN__DUPLICATE_METHOD_MATCH = YES;
				COPY_PHASE_STRIP = NO;
				DEBUG_INFORMATION_FORMAT = "dwarf-with-dsym";
				DEVELOPMENT_TEAM = L8G2J9W34G;
				ENABLE_NS_ASSERTIONS = NO;
				ENABLE_STRICT_OBJC_MSGSEND = YES;
				ENABLE_USER_SCRIPT_SANDBOXING = YES;
				GCC_C_LANGUAGE_STANDARD = gnu17;
				GCC_NO_COMMON_BLOCKS = YES;
				GCC_WARN_64_TO_32_BIT_CONVERSION = YES;
				GCC_WARN_ABOUT_RETURN_TYPE = YES_ERROR;
				GCC_WARN_UNDECLARED_SELECTOR = YES;
				GCC_WARN_UNINITIALIZED_AUTOS = YES_AGGRESSIVE;
				GCC_WARN_UNUSED_FUNCTION = YES;
				GCC_WARN_UNUSED_VARIABLE = YES;
				IPHONEOS_DEPLOYMENT_TARGET = 17.6;
				LOCALIZATION_PREFERS_STRING_CATALOGS = YES;
				MTL_ENABLE_DEBUG_INFO = NO;
				MTL_FAST_MATH = YES;
				SDKROOT = iphoneos;
				SWIFT_COMPILATION_MODE = wholemodule;
				VALIDATE_PRODUCT = YES;
			};
			name = Release;
		};
		9EE6B08C2F7AC7C400E79DA4 /* Debug */ = {
			isa = XCBuildConfiguration;
			buildSettings = {
				ASSETCATALOG_COMPILER_APPICON_NAME = AppIcon;
				ASSETCATALOG_COMPILER_GLOBAL_ACCENT_COLOR_NAME = AccentColor;
				CODE_SIGN_STYLE = Automatic;
				CURRENT_PROJECT_VERSION = 1;
				DEVELOPMENT_TEAM = L8G2J9W34G;
				ENABLE_PREVIEWS = YES;
				GENERATE_INFOPLIST_FILE = YES;
				INFOPLIST_KEY_UIApplicationSceneManifest_Generation = YES;
				INFOPLIST_KEY_UIApplicationSupportsIndirectInputEvents = YES;
				INFOPLIST_KEY_UILaunchScreen_Generation = YES;
				INFOPLIST_KEY_UISupportedInterfaceOrientations_iPad = "UIInterfaceOrientationPortrait UIInterfaceOrientationPortraitUpsideDown UIInterfaceOrientationLandscapeLeft UIInterfaceOrientationLandscapeRight";
				INFOPLIST_KEY_UISupportedInterfaceOrientations_iPhone = "UIInterfaceOrientationPortrait UIInterfaceOrientationLandscapeLeft UIInterfaceOrientationLandscapeRight";
				LD_RUNPATH_SEARCH_PATHS = (
					"$(inherited)",
					"@executable_path/Frameworks",
				);
				MARKETING_VERSION = 1.0;
				PRODUCT_BUNDLE_IDENTIFIER = com.apposestudio.ai.chat.AIChatApp;
				PRODUCT_NAME = "$(TARGET_NAME)";
				STRING_CATALOG_GENERATE_SYMBOLS = YES;
				SWIFT_APPROACHABLE_CONCURRENCY = YES;
				SWIFT_DEFAULT_ACTOR_ISOLATION = MainActor;
				SWIFT_EMIT_LOC_STRINGS = YES;
				SWIFT_UPCOMING_FEATURE_MEMBER_IMPORT_VISIBILITY = YES;
				SWIFT_VERSION = 5.0;
				TARGETED_DEVICE_FAMILY = "1,2";
			};
			name = Debug;
		};
		9EE6B08D2F7AC7C400E79DA4 /* Release */ = {
			isa = XCBuildConfiguration;
			buildSettings = {
				ASSETCATALOG_COMPILER_APPICON_NAME = AppIcon;
				ASSETCATALOG_COMPILER_GLOBAL_ACCENT_COLOR_NAME = AccentColor;
				CODE_SIGN_STYLE = Automatic;
				CURRENT_PROJECT_VERSION = 1;
				DEVELOPMENT_TEAM = L8G2J9W34G;
				ENABLE_PREVIEWS = YES;
				GENERATE_INFOPLIST_FILE = YES;
				INFOPLIST_KEY_UIApplicationSceneManifest_Generation = YES;
				INFOPLIST_KEY_UIApplicationSupportsIndirectInputEvents = YES;
				INFOPLIST_KEY_UILaunchScreen_Generation = YES;
				INFOPLIST_KEY_UISupportedInterfaceOrientations_iPad = "UIInterfaceOrientationPortrait UIInterfaceOrientationPortraitUpsideDown UIInterfaceOrientationLandscapeLeft UIInterfaceOrientationLandscapeRight";
				INFOPLIST_KEY_UISupportedInterfaceOrientations_iPhone = "UIInterfaceOrientationPortrait UIInterfaceOrientationLandscapeLeft UIInterfaceOrientationLandscapeRight";
				LD_RUNPATH_SEARCH_PATHS = (
					"$(inherited)",
					"@executable_path/Frameworks",
				);
				MARKETING_VERSION = 1.0;
				PRODUCT_BUNDLE_IDENTIFIER = com.apposestudio.ai.chat.AIChatApp;
				PRODUCT_NAME = "$(TARGET_NAME)";
				STRING_CATALOG_GENERATE_SYMBOLS = YES;
				SWIFT_APPROACHABLE_CONCURRENCY = YES;
				SWIFT_DEFAULT_ACTOR_ISOLATION = MainActor;
				SWIFT_EMIT_LOC_STRINGS = YES;
				SWIFT_UPCOMING_FEATURE_MEMBER_IMPORT_VISIBILITY = YES;
				SWIFT_VERSION = 5.0;
				TARGETED_DEVICE_FAMILY = "1,2";
			};
			name = Release;
		};
		9EE6B08F2F7AC7C400E79DA4 /* Debug */ = {
			isa = XCBuildConfiguration;
			buildSettings = {
				BUNDLE_LOADER = "$(TEST_HOST)";
				CODE_SIGN_STYLE = Automatic;
				CURRENT_PROJECT_VERSION = 1;
				DEVELOPMENT_TEAM = L8G2J9W34G;
				GENERATE_INFOPLIST_FILE = YES;
				IPHONEOS_DEPLOYMENT_TARGET = 26.2;
				MARKETING_VERSION = 1.0;
				PRODUCT_BUNDLE_IDENTIFIER = com.apposestudio.ai.chat.AIChatAppTests;
				PRODUCT_NAME = "$(TARGET_NAME)";
				STRING_CATALOG_GENERATE_SYMBOLS = NO;
				SWIFT_APPROACHABLE_CONCURRENCY = YES;
				SWIFT_EMIT_LOC_STRINGS = NO;
				SWIFT_UPCOMING_FEATURE_MEMBER_IMPORT_VISIBILITY = YES;
				SWIFT_VERSION = 5.0;
				TARGETED_DEVICE_FAMILY = "1,2";
				TEST_HOST = "$(BUILT_PRODUCTS_DIR)/AIChatApp.app/$(BUNDLE_EXECUTABLE_FOLDER_PATH)/AIChatApp";
			};
			name = Debug;
		};
		9EE6B0902F7AC7C400E79DA4 /* Release */ = {
			isa = XCBuildConfiguration;
			buildSettings = {
				BUNDLE_LOADER = "$(TEST_HOST)";
				CODE_SIGN_STYLE = Automatic;
				CURRENT_PROJECT_VERSION = 1;
				DEVELOPMENT_TEAM = L8G2J9W34G;
				GENERATE_INFOPLIST_FILE = YES;
				IPHONEOS_DEPLOYMENT_TARGET = 26.2;
				MARKETING_VERSION = 1.0;
				PRODUCT_BUNDLE_IDENTIFIER = com.apposestudio.ai.chat.AIChatAppTests;
				PRODUCT_NAME = "$(TARGET_NAME)";
				STRING_CATALOG_GENERATE_SYMBOLS = NO;
				SWIFT_APPROACHABLE_CONCURRENCY = YES;
				SWIFT_EMIT_LOC_STRINGS = NO;
				SWIFT_UPCOMING_FEATURE_MEMBER_IMPORT_VISIBILITY = YES;
				SWIFT_VERSION = 5.0;
				TARGETED_DEVICE_FAMILY = "1,2";
				TEST_HOST = "$(BUILT_PRODUCTS_DIR)/AIChatApp.app/$(BUNDLE_EXECUTABLE_FOLDER_PATH)/AIChatApp";
			};
			name = Release;
		};
		9EE6B0922F7AC7C400E79DA4 /* Debug */ = {
			isa = XCBuildConfiguration;
			buildSettings = {
				CODE_SIGN_STYLE = Automatic;
				CURRENT_PROJECT_VERSION = 1;
				DEVELOPMENT_TEAM = L8G2J9W34G;
				GENERATE_INFOPLIST_FILE = YES;
				MARKETING_VERSION = 1.0;
				PRODUCT_BUNDLE_IDENTIFIER = com.apposestudio.ai.chat.AIChatAppUITests;
				PRODUCT_NAME = "$(TARGET_NAME)";
				STRING_CATALOG_GENERATE_SYMBOLS = NO;
				SWIFT_APPROACHABLE_CONCURRENCY = YES;
				SWIFT_EMIT_LOC_STRINGS = NO;
				SWIFT_UPCOMING_FEATURE_MEMBER_IMPORT_VISIBILITY = YES;
				SWIFT_VERSION = 5.0;
				TARGETED_DEVICE_FAMILY = "1,2";
				TEST_TARGET_NAME = AIChatApp;
			};
			name = Debug;
		};
		9EE6B0932F7AC7C400E79DA4 /* Release */ = {
			isa = XCBuildConfiguration;
			buildSettings = {
				CODE_SIGN_STYLE = Automatic;
				CURRENT_PROJECT_VERSION = 1;
				DEVELOPMENT_TEAM = L8G2J9W34G;
				GENERATE_INFOPLIST_FILE = YES;
				MARKETING_VERSION = 1.0;
				PRODUCT_BUNDLE_IDENTIFIER = com.apposestudio.ai.chat.AIChatAppUITests;
				PRODUCT_NAME = "$(TARGET_NAME)";
				STRING_CATALOG_GENERATE_SYMBOLS = NO;
				SWIFT_APPROACHABLE_CONCURRENCY = YES;
				SWIFT_EMIT_LOC_STRINGS = NO;
				SWIFT_UPCOMING_FEATURE_MEMBER_IMPORT_VISIBILITY = YES;
				SWIFT_VERSION = 5.0;
				TARGETED_DEVICE_FAMILY = "1,2";
				TEST_TARGET_NAME = AIChatApp;
			};
			name = Release;
		};
/* End XCBuildConfiguration section */

/* Begin XCConfigurationList section */
		9EE6B0652F7AC7C300E79DA4 /* Build configuration list for PBXProject "AIChatApp" */ = {
			isa = XCConfigurationList;
			buildConfigurations = (
				9EE6B0892F7AC7C400E79DA4 /* Debug */,
				9EE6B08A2F7AC7C400E79DA4 /* Release */,
			);
			defaultConfigurationIsVisible = 0;
			defaultConfigurationName = Release;
		};
		9EE6B08B2F7AC7C400E79DA4 /* Build configuration list for PBXNativeTarget "AIChatApp" */ = {
			isa = XCConfigurationList;
			buildConfigurations = (
				9EE6B08C2F7AC7C400E79DA4 /* Debug */,
				9EE6B08D2F7AC7C400E79DA4 /* Release */,
			);
			defaultConfigurationIsVisible = 0;
			defaultConfigurationName = Release;
		};
		9EE6B08E2F7AC7C400E79DA4 /* Build configuration list for PBXNativeTarget "AIChatAppTests" */ = {
			isa = XCConfigurationList;
			buildConfigurations = (
				9EE6B08F2F7AC7C400E79DA4 /* Debug */,
				9EE6B0902F7AC7C400E79DA4 /* Release */,
			);
			defaultConfigurationIsVisible = 0;
			defaultConfigurationName = Release;
		};
		9EE6B0912F7AC7C400E79DA4 /* Build configuration list for PBXNativeTarget "AIChatAppUITests" */ = {
			isa = XCConfigurationList;
			buildConfigurations = (
				9EE6B0922F7AC7C400E79DA4 /* Debug */,
				9EE6B0932F7AC7C400E79DA4 /* Release */,
			);
			defaultConfigurationIsVisible = 0;
			defaultConfigurationName = Release;
		};
/* End XCConfigurationList section */

/* Begin XCLocalSwiftPackageReference section */
		9EE6B0D42F7AD28500E79DA4 /* XCLocalSwiftPackageReference "../swift-gemini-api" */ = {
			isa = XCLocalSwiftPackageReference;
			relativePath = "../swift-gemini-api";
		};
/* End XCLocalSwiftPackageReference section */

/* Begin XCRemoteSwiftPackageReference section */
		9EE6B0D12F7AD0C000E79DA4 /* XCRemoteSwiftPackageReference "Chat" */ = {
			isa = XCRemoteSwiftPackageReference;
			repositoryURL = "https://github.com/exyte/Chat.git";
			requirement = {
				kind = upToNextMajorVersion;
				minimumVersion = 2.7.7;
			};
		};
/* End XCRemoteSwiftPackageReference section */

/* Begin XCSwiftPackageProductDependency section */
		9EE6B0D22F7AD0C000E79DA4 /* ExyteChat */ = {
			isa = XCSwiftPackageProductDependency;
			package = 9EE6B0D12F7AD0C000E79DA4 /* XCRemoteSwiftPackageReference "Chat" */;
			productName = ExyteChat;
		};
/* End XCSwiftPackageProductDependency section */
	};
	rootObject = 9EE6B0622F7AC7C300E79DA4 /* Project object */;
}
